
Microsoft Visual Studio Solution File, Format Version 12.00
# Visual Studio Version 16
VisualStudioVersion = 16.0.30621.155
MinimumVisualStudioVersion = 10.0.40219.1
Project("{FAE04EC0-301F-11D3-BF4B-00C04F79EFBC}") = "ProjectQualityChecker", "ProjectQualityChecker\ProjectQualityChecker.csproj", "{C2AF6D41-3EC2-44E5-BEBC-0B9D3AAA369A}"
EndProject
Project("{FAE04EC0-301F-11D3-BF4B-00C04F79EFBC}") = "Tests", "Tests\Tests.csproj", "{AEF9DCF9-39EC-430C-9E80-DB59271673DB}"
EndProject
Global
	GlobalSection(SolutionConfigurationPlatforms) = preSolution
		Debug|Any CPU = Debug|Any CPU
		Release|Any CPU = Release|Any CPU
	EndGlobalSection
	GlobalSection(ProjectConfigurationPlatforms) = postSolution
		{C2AF6D41-3EC2-44E5-BEBC-0B9D3AAA369A}.Debug|Any CPU.ActiveCfg = Debug|Any CPU
		{C2AF6D41-3EC2-44E5-BEBC-0B9D3AAA369A}.Debug|Any CPU.Build.0 = Debug|Any CPU
		{C2AF6D41-3EC2-44E5-BEBC-0B9D3AAA369A}.Release|Any CPU.ActiveCfg = Release|Any CPU
		{C2AF6D41-3EC2-44E5-BEBC-0B9D3AAA369A}.Release|Any CPU.Build.0 = Release|Any CPU
		{AEF9DCF9-39EC-430C-9E80-DB59271673DB}.Debug|Any CPU.ActiveCfg = Debug|Any CPU
		{AEF9DCF9-39EC-430C-9E80-DB59271673DB}.Debug|Any CPU.Build.0 = Debug|Any CPU
		{AEF9DCF9-39EC-430C-9E80-DB59271673DB}.Release|Any CPU.ActiveCfg = Release|Any CPU
		{AEF9DCF9-39EC-430C-9E80-DB59271673DB}.Release|Any CPU.Build.0 = Release|Any CPU
	EndGlobalSection
	GlobalSection(SolutionProperties) = preSolution
		HideSolutionNode = FALSE
	EndGlobalSection
	GlobalSection(ExtensibilityGlobals) = postSolution
		SolutionGuid = {1A8F1BBE-8654-49F5-8B50-CA619CA23009}
	EndGlobalSection
	GlobalSection(RiderSharedRunConfigurations) = postSolution
	EndGlobalSection
EndGlobal
